
Microsoft Visual Studio Solution File, Format Version 12.00
# Visual Studio 15
VisualStudioVersion = 15.0.28307.136
MinimumVisualStudioVersion = 10.0.40219.1
Project("{8BC9CEB8-8B4A-11D0-8D11-00A0C91BC942}") = "Day 11", "Day 11\Day 11.vcxproj", "{DCF626C6-0253-4473-9E2D-2BDD4EF47345}"
EndProject
Global
	GlobalSection(SolutionConfigurationPlatforms) = preSolution
		Debug|x64 = Debug|x64
		Debug|x86 = Debug|x86
		Release|x64 = Release|x64
		Release|x86 = Release|x86
	EndGlobalSection
	GlobalSection(ProjectConfigurationPlatforms) = postSolution
		{DCF626C6-0253-4473-9E2D-2BDD4EF47345}.Debug|x64.ActiveCfg = Debug|x64
		{DCF626C6-0253-4473-9E2D-2BDD4EF47345}.Debug|x64.Build.0 = Debug|x64
		{DCF626C6-0253-4473-9E2D-2BDD4EF47345}.Debug|x86.ActiveCfg = Debug|Win32
		{DCF626C6-0253-4473-9E2D-2BDD4EF47345}.Debug|x86.Build.0 = Debug|Win32
		{DCF626C6-0253-4473-9E2D-2BDD4EF47345}.Release|x64.ActiveCfg = Release|x64
		{DCF626C6-0253-4473-9E2D-2BDD4EF47345}.Release|x64.Build.0 = Release|x64
		{DCF626C6-0253-4473-9E2D-2BDD4EF47345}.Release|x86.ActiveCfg = Release|Win32
		{DCF626C6-0253-4473-9E2D-2BDD4EF47345}.Release|x86.Build.0 = Release|Win32
	EndGlobalSection
	GlobalSection(SolutionProperties) = preSolution
		HideSolutionNode = FALSE
	EndGlobalSection
	GlobalSection(ExtensibilityGlobals) = postSolution
		SolutionGuid = {766B8971-B292-4340-AC58-1835F1CF6DD8}
	EndGlobalSection
EndGlobal
